
Microsoft Visual Studio Solution File, Format Version 12.00
# Visual Studio 15
VisualStudioVersion = 15.0.28307.1209
MinimumVisualStudioVersion = 10.0.40219.1
Project("{FAE04EC0-301F-11D3-BF4B-00C04F79EFBC}") = "MiTercerConsumoWebAPI.Android", "MiTercerConsumoWebAPI\MiTercerConsumoWebAPI.Android\MiTercerConsumoWebAPI.Android.csproj", "{689DB26F-D856-4FBB-A93D-77E2C2FE5C16}"
EndProject
Project("{FAE04EC0-301F-11D3-BF4B-00C04F79EFBC}") = "MiTercerConsumoWebAPI.iOS", "MiTercerConsumoWebAPI\MiTercerConsumoWebAPI.iOS\MiTercerConsumoWebAPI.iOS.csproj", "{D09A719E-FA3D-4A0A-8694-C7DB0DE5D529}"
EndProject
Project("{FAE04EC0-301F-11D3-BF4B-00C04F79EFBC}") = "MiTercerConsumoWebAPI", "MiTercerConsumoWebAPI\MiTercerConsumoWebAPI\MiTercerConsumoWebAPI.csproj", "{4E2B26A7-8619-4C26-B93B-DC16E11C47B6}"
EndProject
Global
	GlobalSection(SolutionConfigurationPlatforms) = preSolution
		Ad-Hoc|Any CPU = Ad-Hoc|Any CPU
		Ad-Hoc|iPhone = Ad-Hoc|iPhone
		Ad-Hoc|iPhoneSimulator = Ad-Hoc|iPhoneSimulator
		AppStore|Any CPU = AppStore|Any CPU
		AppStore|iPhone = AppStore|iPhone
		AppStore|iPhoneSimulator = AppStore|iPhoneSimulator
		Debug|Any CPU = Debug|Any CPU
		Debug|iPhone = Debug|iPhone
		Debug|iPhoneSimulator = Debug|iPhoneSimulator
		Release|Any CPU = Release|Any CPU
		Release|iPhone = Release|iPhone
		Release|iPhoneSimulator = Release|iPhoneSimulator
	EndGlobalSection
	GlobalSection(ProjectConfigurationPlatforms) = postSolution
		{689DB26F-D856-4FBB-A93D-77E2C2FE5C16}.Ad-Hoc|Any CPU.ActiveCfg = Release|Any CPU
		{689DB26F-D856-4FBB-A93D-77E2C2FE5C16}.Ad-Hoc|Any CPU.Build.0 = Release|Any CPU
		{689DB26F-D856-4FBB-A93D-77E2C2FE5C16}.Ad-Hoc|Any CPU.Deploy.0 = Release|Any CPU
		{689DB26F-D856-4FBB-A93D-77E2C2FE5C16}.Ad-Hoc|iPhone.ActiveCfg = Release|Any CPU
		{689DB26F-D856-4FBB-A93D-77E2C2FE5C16}.Ad-Hoc|iPhone.Build.0 = Release|Any CPU
		{689DB26F-D856-4FBB-A93D-77E2C2FE5C16}.Ad-Hoc|iPhone.Deploy.0 = Release|Any CPU
		{689DB26F-D856-4FBB-A93D-77E2C2FE5C16}.Ad-Hoc|iPhoneSimulator.ActiveCfg = Release|Any CPU
		{689DB26F-D856-4FBB-A93D-77E2C2FE5C16}.Ad-Hoc|iPhoneSimulator.Build.0 = Release|Any CPU
		{689DB26F-D856-4FBB-A93D-77E2C2FE5C16}.Ad-Hoc|iPhoneSimulator.Deploy.0 = Release|Any CPU
		{689DB26F-D856-4FBB-A93D-77E2C2FE5C16}.AppStore|Any CPU.ActiveCfg = Release|Any CPU
		{689DB26F-D856-4FBB-A93D-77E2C2FE5C16}.AppStore|Any CPU.Build.0 = Release|Any CPU
		{689DB26F-D856-4FBB-A93D-77E2C2FE5C16}.AppStore|Any CPU.Deploy.0 = Release|Any CPU
		{689DB26F-D856-4FBB-A93D-77E2C2FE5C16}.AppStore|iPhone.ActiveCfg = Release|Any CPU
		{689DB26F-D856-4FBB-A93D-77E2C2FE5C16}.AppStore|iPhone.Build.0 = Release|Any CPU
		{689DB26F-D856-4FBB-A93D-77E2C2FE5C16}.AppStore|iPhone.Deploy.0 = Release|Any CPU
		{689DB26F-D856-4FBB-A93D-77E2C2FE5C16}.AppStore|iPhoneSimulator.ActiveCfg = Release|Any CPU
		{689DB26F-D856-4FBB-A93D-77E2C2FE5C16}.AppStore|iPhoneSimulator.Build.0 = Release|Any CPU
		{689DB26F-D856-4FBB-A93D-77E2C2FE5C16}.AppStore|iPhoneSimulator.Deploy.0 = Release|Any CPU
		{689DB26F-D856-4FBB-A93D-77E2C2FE5C16}.Debug|Any CPU.ActiveCfg = Debug|Any CPU
		{689DB26F-D856-4FBB-A93D-77E2C2FE5C16}.Debug|Any CPU.Build.0 = Debug|Any CPU
		{689DB26F-D856-4FBB-A93D-77E2C2FE5C16}.Debug|Any CPU.Deploy.0 = Debug|Any CPU
		{689DB26F-D856-4FBB-A93D-77E2C2FE5C16}.Debug|iPhone.ActiveCfg = Debug|Any CPU
		{689DB26F-D856-4FBB-A93D-77E2C2FE5C16}.Debug|iPhone.Build.0 = Debug|Any CPU
		{689DB26F-D856-4FBB-A93D-77E2C2FE5C16}.Debug|iPhone.Deploy.0 = Debug|Any CPU
		{689DB26F-D856-4FBB-A93D-77E2C2FE5C16}.Debug|iPhoneSimulator.ActiveCfg = Debug|Any CPU
		{689DB26F-D856-4FBB-A93D-77E2C2FE5C16}.Debug|iPhoneSimulator.Build.0 = Debug|Any CPU
		{689DB26F-D856-4FBB-A93D-77E2C2FE5C16}.Debug|iPhoneSimulator.Deploy.0 = Debug|Any CPU
		{689DB26F-D856-4FBB-A93D-77E2C2FE5C16}.Release|Any CPU.ActiveCfg = Release|Any CPU
		{689DB26F-D856-4FBB-A93D-77E2C2FE5C16}.Release|Any CPU.Build.0 = Release|Any CPU
		{689DB26F-D856-4FBB-A93D-77E2C2FE5C16}.Release|Any CPU.Deploy.0 = Release|Any CPU
		{689DB26F-D856-4FBB-A93D-77E2C2FE5C16}.Release|iPhone.ActiveCfg = Release|Any CPU
		{689DB26F-D856-4FBB-A93D-77E2C2FE5C16}.Release|iPhone.Build.0 = Release|Any CPU
		{689DB26F-D856-4FBB-A93D-77E2C2FE5C16}.Release|iPhone.Deploy.0 = Release|Any CPU
		{689DB26F-D856-4FBB-A93D-77E2C2FE5C16}.Release|iPhoneSimulator.ActiveCfg = Release|Any CPU
		{689DB26F-D856-4FBB-A93D-77E2C2FE5C16}.Release|iPhoneSimulator.Build.0 = Release|Any CPU
		{689DB26F-D856-4FBB-A93D-77E2C2FE5C16}.Release|iPhoneSimulator.Deploy.0 = Release|Any CPU
		{D09A719E-FA3D-4A0A-8694-C7DB0DE5D529}.Ad-Hoc|Any CPU.ActiveCfg = Ad-Hoc|iPhone
		{D09A719E-FA3D-4A0A-8694-C7DB0DE5D529}.Ad-Hoc|Any CPU.Build.0 = Ad-Hoc|iPhone
		{D09A719E-FA3D-4A0A-8694-C7DB0DE5D529}.Ad-Hoc|Any CPU.Deploy.0 = Ad-Hoc|iPhone
		{D09A719E-FA3D-4A0A-8694-C7DB0DE5D529}.Ad-Hoc|iPhone.ActiveCfg = Ad-Hoc|iPhone
		{D09A719E-FA3D-4A0A-8694-C7DB0DE5D529}.Ad-Hoc|iPhone.Build.0 = Ad-Hoc|iPhone
		{D09A719E-FA3D-4A0A-8694-C7DB0DE5D529}.Ad-Hoc|iPhone.Deploy.0 = Ad-Hoc|iPhone
		{D09A719E-FA3D-4A0A-8694-C7DB0DE5D529}.Ad-Hoc|iPhoneSimulator.ActiveCfg = Ad-Hoc|iPhoneSimulator
		{D09A719E-FA3D-4A0A-8694-C7DB0DE5D529}.Ad-Hoc|iPhoneSimulator.Build.0 = Ad-Hoc|iPhoneSimulator
		{D09A719E-FA3D-4A0A-8694-C7DB0DE5D529}.Ad-Hoc|iPhoneSimulator.Deploy.0 = Ad-Hoc|iPhoneSimulator
		{D09A719E-FA3D-4A0A-8694-C7DB0DE5D529}.AppStore|Any CPU.ActiveCfg = AppStore|iPhone
		{D09A719E-FA3D-4A0A-8694-C7DB0DE5D529}.AppStore|Any CPU.Build.0 = AppStore|iPhone
		{D09A719E-FA3D-4A0A-8694-C7DB0DE5D529}.AppStore|Any CPU.Deploy.0 = AppStore|iPhone
		{D09A719E-FA3D-4A0A-8694-C7DB0DE5D529}.AppStore|iPhone.ActiveCfg = AppStore|iPhone
		{D09A719E-FA3D-4A0A-8694-C7DB0DE5D529}.AppStore|iPhone.Build.0 = AppStore|iPhone
		{D09A719E-FA3D-4A0A-8694-C7DB0DE5D529}.AppStore|iPhone.Deploy.0 = AppStore|iPhone
		{D09A719E-FA3D-4A0A-8694-C7DB0DE5D529}.AppStore|iPhoneSimulator.ActiveCfg = AppStore|iPhoneSimulator
		{D09A719E-FA3D-4A0A-8694-C7DB0DE5D529}.AppStore|iPhoneSimulator.Build.0 = AppStore|iPhoneSimulator
		{D09A719E-FA3D-4A0A-8694-C7DB0DE5D529}.AppStore|iPhoneSimulator.Deploy.0 = AppStore|iPhoneSimulator
		{D09A719E-FA3D-4A0A-8694-C7DB0DE5D529}.Debug|Any CPU.ActiveCfg = Debug|iPhoneSimulator
		{D09A719E-FA3D-4A0A-8694-C7DB0DE5D529}.Debug|Any CPU.Build.0 = Debug|iPhoneSimulator
		{D09A719E-FA3D-4A0A-8694-C7DB0DE5D529}.Debug|Any CPU.Deploy.0 = Debug|iPhoneSimulator
		{D09A719E-FA3D-4A0A-8694-C7DB0DE5D529}.Debug|iPhone.ActiveCfg = Debug|iPhone
		{D09A719E-FA3D-4A0A-8694-C7DB0DE5D529}.Debug|iPhone.Build.0 = Debug|iPhone
		{D09A719E-FA3D-4A0A-8694-C7DB0DE5D529}.Debug|iPhone.Deploy.0 = Debug|iPhone
		{D09A719E-FA3D-4A0A-8694-C7DB0DE5D529}.Debug|iPhoneSimulator.ActiveCfg = Debug|iPhoneSimulator
		{D09A719E-FA3D-4A0A-8694-C7DB0DE5D529}.Debug|iPhoneSimulator.Build.0 = Debug|iPhoneSimulator
		{D09A719E-FA3D-4A0A-8694-C7DB0DE5D529}.Debug|iPhoneSimulator.Deploy.0 = Debug|iPhoneSimulator
		{D09A719E-FA3D-4A0A-8694-C7DB0DE5D529}.Release|Any CPU.ActiveCfg = Release|iPhone
		{D09A719E-FA3D-4A0A-8694-C7DB0DE5D529}.Release|Any CPU.Build.0 = Release|iPhone
		{D09A719E-FA3D-4A0A-8694-C7DB0DE5D529}.Release|Any CPU.Deploy.0 = Release|iPhone
		{D09A719E-FA3D-4A0A-8694-C7DB0DE5D529}.Release|iPhone.ActiveCfg = Release|iPhone
		{D09A719E-FA3D-4A0A-8694-C7DB0DE5D529}.Release|iPhone.Build.0 = Release|iPhone
		{D09A719E-FA3D-4A0A-8694-C7DB0DE5D529}.Release|iPhone.Deploy.0 = Release|iPhone
		{D09A719E-FA3D-4A0A-8694-C7DB0DE5D529}.Release|iPhoneSimulator.ActiveCfg = Release|iPhoneSimulator
		{D09A719E-FA3D-4A0A-8694-C7DB0DE5D529}.Release|iPhoneSimulator.Build.0 = Release|iPhoneSimulator
		{D09A719E-FA3D-4A0A-8694-C7DB0DE5D529}.Release|iPhoneSimulator.Deploy.0 = Release|iPhoneSimulator
		{4E2B26A7-8619-4C26-B93B-DC16E11C47B6}.Ad-Hoc|Any CPU.ActiveCfg = Debug|Any CPU
		{4E2B26A7-8619-4C26-B93B-DC16E11C47B6}.Ad-Hoc|Any CPU.Build.0 = Debug|Any CPU
		{4E2B26A7-8619-4C26-B93B-DC16E11C47B6}.Ad-Hoc|Any CPU.Deploy.0 = Debug|Any CPU
		{4E2B26A7-8619-4C26-B93B-DC16E11C47B6}.Ad-Hoc|iPhone.ActiveCfg = Debug|Any CPU
		{4E2B26A7-8619-4C26-B93B-DC16E11C47B6}.Ad-Hoc|iPhone.Build.0 = Debug|Any CPU
		{4E2B26A7-8619-4C26-B93B-DC16E11C47B6}.Ad-Hoc|iPhone.Deploy.0 = Debug|Any CPU
		{4E2B26A7-8619-4C26-B93B-DC16E11C47B6}.Ad-Hoc|iPhoneSimulator.ActiveCfg = Debug|Any CPU
		{4E2B26A7-8619-4C26-B93B-DC16E11C47B6}.Ad-Hoc|iPhoneSimulator.Build.0 = Debug|Any CPU
		{4E2B26A7-8619-4C26-B93B-DC16E11C47B6}.Ad-Hoc|iPhoneSimulator.Deploy.0 = Debug|Any CPU
		{4E2B26A7-8619-4C26-B93B-DC16E11C47B6}.AppStore|Any CPU.ActiveCfg = Debug|Any CPU
		{4E2B26A7-8619-4C26-B93B-DC16E11C47B6}.AppStore|Any CPU.Build.0 = Debug|Any CPU
		{4E2B26A7-8619-4C26-B93B-DC16E11C47B6}.AppStore|Any CPU.Deploy.0 = Debug|Any CPU
		{4E2B26A7-8619-4C26-B93B-DC16E11C47B6}.AppStore|iPhone.ActiveCfg = Debug|Any CPU
		{4E2B26A7-8619-4C26-B93B-DC16E11C47B6}.AppStore|iPhone.Build.0 = Debug|Any CPU
		{4E2B26A7-8619-4C26-B93B-DC16E11C47B6}.AppStore|iPhone.Deploy.0 = Debug|Any CPU
		{4E2B26A7-8619-4C26-B93B-DC16E11C47B6}.AppStore|iPhoneSimulator.ActiveCfg = Debug|Any CPU
		{4E2B26A7-8619-4C26-B93B-DC16E11C47B6}.AppStore|iPhoneSimulator.Build.0 = Debug|Any CPU
		{4E2B26A7-8619-4C26-B93B-DC16E11C47B6}.AppStore|iPhoneSimulator.Deploy.0 = Debug|Any CPU
		{4E2B26A7-8619-4C26-B93B-DC16E11C47B6}.Debug|Any CPU.ActiveCfg = Debug|Any CPU
		{4E2B26A7-8619-4C26-B93B-DC16E11C47B6}.Debug|Any CPU.Build.0 = Debug|Any CPU
		{4E2B26A7-8619-4C26-B93B-DC16E11C47B6}.Debug|Any CPU.Deploy.0 = Debug|Any CPU
		{4E2B26A7-8619-4C26-B93B-DC16E11C47B6}.Debug|iPhone.ActiveCfg = Debug|Any CPU
		{4E2B26A7-8619-4C26-B93B-DC16E11C47B6}.Debug|iPhone.Build.0 = Debug|Any CPU
		{4E2B26A7-8619-4C26-B93B-DC16E11C47B6}.Debug|iPhone.Deploy.0 = Debug|Any CPU
		{4E2B26A7-8619-4C26-B93B-DC16E11C47B6}.Debug|iPhoneSimulator.ActiveCfg = Debug|Any CPU
		{4E2B26A7-8619-4C26-B93B-DC16E11C47B6}.Debug|iPhoneSimulator.Build.0 = Debug|Any CPU
		{4E2B26A7-8619-4C26-B93B-DC16E11C47B6}.Debug|iPhoneSimulator.Deploy.0 = Debug|Any CPU
		{4E2B26A7-8619-4C26-B93B-DC16E11C47B6}.Release|Any CPU.ActiveCfg = Release|Any CPU
		{4E2B26A7-8619-4C26-B93B-DC16E11C47B6}.Release|Any CPU.Build.0 = Release|Any CPU
		{4E2B26A7-8619-4C26-B93B-DC16E11C47B6}.Release|Any CPU.Deploy.0 = Release|Any CPU
		{4E2B26A7-8619-4C26-B93B-DC16E11C47B6}.Release|iPhone.ActiveCfg = Release|Any CPU
		{4E2B26A7-8619-4C26-B93B-DC16E11C47B6}.Release|iPhone.Build.0 = Release|Any CPU
		{4E2B26A7-8619-4C26-B93B-DC16E11C47B6}.Release|iPhone.Deploy.0 = Release|Any CPU
		{4E2B26A7-8619-4C26-B93B-DC16E11C47B6}.Release|iPhoneSimulator.ActiveCfg = Release|Any CPU
		{4E2B26A7-8619-4C26-B93B-DC16E11C47B6}.Release|iPhoneSimulator.Build.0 = Release|Any CPU
		{4E2B26A7-8619-4C26-B93B-DC16E11C47B6}.Release|iPhoneSimulator.Deploy.0 = Release|Any CPU
	EndGlobalSection
	GlobalSection(SolutionProperties) = preSolution
		HideSolutionNode = FALSE
	EndGlobalSection
	GlobalSection(ExtensibilityGlobals) = postSolution
		SolutionGuid = {746B3C3F-B966-46B7-A055-A996A53EBA89}
	EndGlobalSection
EndGlobal
